
Microsoft Visual Studio Solution File, Format Version 12.00
# Visual Studio Version 17
VisualStudioVersion = 17.3.32929.385
MinimumVisualStudioVersion = 10.0.40219.1
Project("{9A19103F-16F7-4668-BE54-9A1E7A4F7556}") = "Distribution.Server", "Distribution\Server\Distribution.Server.csproj", "{60FB432E-7222-4EC4-BB7E-2F17AC389141}"
EndProject
Project("{9A19103F-16F7-4668-BE54-9A1E7A4F7556}") = "Distribution.Client", "Distribution\Client\Distribution.Client.csproj", "{B664514E-9640-4A5A-9906-B76F0B3EDAA8}"
EndProject
Project("{9A19103F-16F7-4668-BE54-9A1E7A4F7556}") = "Distribution.Shared", "Distribution\Shared\Distribution.Shared.csproj", "{5F98441B-D82D-4360-B64A-F4C33460DA2E}"
EndProject
Global
	GlobalSection(SolutionConfigurationPlatforms) = preSolution
		Debug|Any CPU = Debug|Any CPU
		Release|Any CPU = Release|Any CPU
	EndGlobalSection
	GlobalSection(ProjectConfigurationPlatforms) = postSolution
		{60FB432E-7222-4EC4-BB7E-2F17AC389141}.Debug|Any CPU.ActiveCfg = Debug|Any CPU
		{60FB432E-7222-4EC4-BB7E-2F17AC389141}.Debug|Any CPU.Build.0 = Debug|Any CPU
		{60FB432E-7222-4EC4-BB7E-2F17AC389141}.Release|Any CPU.ActiveCfg = Release|Any CPU
		{60FB432E-7222-4EC4-BB7E-2F17AC389141}.Release|Any CPU.Build.0 = Release|Any CPU
		{B664514E-9640-4A5A-9906-B76F0B3EDAA8}.Debug|Any CPU.ActiveCfg = Debug|Any CPU
		{B664514E-9640-4A5A-9906-B76F0B3EDAA8}.Debug|Any CPU.Build.0 = Debug|Any CPU
		{B664514E-9640-4A5A-9906-B76F0B3EDAA8}.Release|Any CPU.ActiveCfg = Release|Any CPU
		{B664514E-9640-4A5A-9906-B76F0B3EDAA8}.Release|Any CPU.Build.0 = Release|Any CPU
		{5F98441B-D82D-4360-B64A-F4C33460DA2E}.Debug|Any CPU.ActiveCfg = Debug|Any CPU
		{5F98441B-D82D-4360-B64A-F4C33460DA2E}.Debug|Any CPU.Build.0 = Debug|Any CPU
		{5F98441B-D82D-4360-B64A-F4C33460DA2E}.Release|Any CPU.ActiveCfg = Release|Any CPU
		{5F98441B-D82D-4360-B64A-F4C33460DA2E}.Release|Any CPU.Build.0 = Release|Any CPU
	EndGlobalSection
	GlobalSection(SolutionProperties) = preSolution
		HideSolutionNode = FALSE
	EndGlobalSection
	GlobalSection(ExtensibilityGlobals) = postSolution
		SolutionGuid = {A810D522-5F2F-4B05-B779-A75884DF8FD8}
	EndGlobalSection
EndGlobal
